
Microsoft Visual Studio Solution File, Format Version 12.00
# Visual Studio 15
VisualStudioVersion = 15.0.27130.2036
MinimumVisualStudioVersion = 10.0.40219.1
Project("{FAE04EC0-301F-11D3-BF4B-00C04F79EFBC}") = "AppMVC", "AppMVC\AppMVC.csproj", "{7F3D7428-90BE-4EC1-804E-2F50599FF56E}"
EndProject
Global
	GlobalSection(SolutionConfigurationPlatforms) = preSolution
		Debug|Any CPU = Debug|Any CPU
		Release|Any CPU = Release|Any CPU
	EndGlobalSection
	GlobalSection(ProjectConfigurationPlatforms) = postSolution
		{7F3D7428-90BE-4EC1-804E-2F50599FF56E}.Debug|Any CPU.ActiveCfg = Debug|Any CPU
		{7F3D7428-90BE-4EC1-804E-2F50599FF56E}.Debug|Any CPU.Build.0 = Debug|Any CPU
		{7F3D7428-90BE-4EC1-804E-2F50599FF56E}.Release|Any CPU.ActiveCfg = Release|Any CPU
		{7F3D7428-90BE-4EC1-804E-2F50599FF56E}.Release|Any CPU.Build.0 = Release|Any CPU
	EndGlobalSection
	GlobalSection(SolutionProperties) = preSolution
		HideSolutionNode = FALSE
	EndGlobalSection
	GlobalSection(ExtensibilityGlobals) = postSolution
		SolutionGuid = {0747C90A-6CAB-4F8B-9F9D-759075FC52AD}
	EndGlobalSection
EndGlobal
