
Microsoft Visual Studio Solution File, Format Version 12.00
# Visual Studio 15
VisualStudioVersion = 15.0.27428.2015
MinimumVisualStudioVersion = 10.0.40219.1
Project("{FAE04EC0-301F-11D3-BF4B-00C04F79EFBC}") = "App", "App\App.csproj", "{70C6AB8B-16C8-49A4-A233-9C3FFFFFF646}"
EndProject
Global
	GlobalSection(SolutionConfigurationPlatforms) = preSolution
		Debug|Any CPU = Debug|Any CPU
		Release|Any CPU = Release|Any CPU
	EndGlobalSection
	GlobalSection(ProjectConfigurationPlatforms) = postSolution
		{70C6AB8B-16C8-49A4-A233-9C3FFFFFF646}.Debug|Any CPU.ActiveCfg = Debug|Any CPU
		{70C6AB8B-16C8-49A4-A233-9C3FFFFFF646}.Debug|Any CPU.Build.0 = Debug|Any CPU
		{70C6AB8B-16C8-49A4-A233-9C3FFFFFF646}.Release|Any CPU.ActiveCfg = Release|Any CPU
		{70C6AB8B-16C8-49A4-A233-9C3FFFFFF646}.Release|Any CPU.Build.0 = Release|Any CPU
	EndGlobalSection
	GlobalSection(SolutionProperties) = preSolution
		HideSolutionNode = FALSE
	EndGlobalSection
	GlobalSection(ExtensibilityGlobals) = postSolution
		SolutionGuid = {F563C73B-5A9B-4A97-B073-EBCF02E225B1}
	EndGlobalSection
EndGlobal
