
Microsoft Visual Studio Solution File, Format Version 12.00
# Visual Studio 15
VisualStudioVersion = 15.0.27428.2015
MinimumVisualStudioVersion = 10.0.40219.1
Project("{FAE04EC0-301F-11D3-BF4B-00C04F79EFBC}") = "Proyecto", "Proyecto\Proyecto.csproj", "{8F72D70C-992F-49A4-A44F-043E0C3E00C3}"
EndProject
Global
	GlobalSection(SolutionConfigurationPlatforms) = preSolution
		Debug|Any CPU = Debug|Any CPU
		Release|Any CPU = Release|Any CPU
	EndGlobalSection
	GlobalSection(ProjectConfigurationPlatforms) = postSolution
		{8F72D70C-992F-49A4-A44F-043E0C3E00C3}.Debug|Any CPU.ActiveCfg = Debug|Any CPU
		{8F72D70C-992F-49A4-A44F-043E0C3E00C3}.Debug|Any CPU.Build.0 = Debug|Any CPU
		{8F72D70C-992F-49A4-A44F-043E0C3E00C3}.Release|Any CPU.ActiveCfg = Release|Any CPU
		{8F72D70C-992F-49A4-A44F-043E0C3E00C3}.Release|Any CPU.Build.0 = Release|Any CPU
	EndGlobalSection
	GlobalSection(SolutionProperties) = preSolution
		HideSolutionNode = FALSE
	EndGlobalSection
	GlobalSection(ExtensibilityGlobals) = postSolution
		SolutionGuid = {5C999D10-10DE-43C9-9CFD-3FF5E4501E1F}
	EndGlobalSection
EndGlobal
